
Microsoft Visual Studio Solution File, Format Version 12.00
# Visual Studio Version 17
VisualStudioVersion = 17.5.002.0
MinimumVisualStudioVersion = 10.0.40219.1
Project("{9A19103F-16F7-4668-BE54-9A1E7A4F7556}") = "AW Fitness tracker", "AW Fitness tracker.csproj", "{E864EFBE-D855-4476-8429-7E4AE1F59352}"
EndProject
Project("{FAE04EC0-301F-11D3-BF4B-00C04F79EFBC}") = "AW Fitness tracker Web App", "..\AW Fitness tracker Web App\AW Fitness tracker Web App.csproj", "{C3764145-B141-4FD5-BD0E-E17D4761FA4E}"
EndProject
Global
	GlobalSection(SolutionConfigurationPlatforms) = preSolution
		Debug|Any CPU = Debug|Any CPU
		Release|Any CPU = Release|Any CPU
	EndGlobalSection
	GlobalSection(ProjectConfigurationPlatforms) = postSolution
		{E864EFBE-D855-4476-8429-7E4AE1F59352}.Debug|Any CPU.ActiveCfg = Debug|Any CPU
		{E864EFBE-D855-4476-8429-7E4AE1F59352}.Debug|Any CPU.Build.0 = Debug|Any CPU
		{E864EFBE-D855-4476-8429-7E4AE1F59352}.Release|Any CPU.ActiveCfg = Release|Any CPU
		{E864EFBE-D855-4476-8429-7E4AE1F59352}.Release|Any CPU.Build.0 = Release|Any CPU
		{C3764145-B141-4FD5-BD0E-E17D4761FA4E}.Debug|Any CPU.ActiveCfg = Debug|Any CPU
		{C3764145-B141-4FD5-BD0E-E17D4761FA4E}.Debug|Any CPU.Build.0 = Debug|Any CPU
		{C3764145-B141-4FD5-BD0E-E17D4761FA4E}.Release|Any CPU.ActiveCfg = Release|Any CPU
		{C3764145-B141-4FD5-BD0E-E17D4761FA4E}.Release|Any CPU.Build.0 = Release|Any CPU
	EndGlobalSection
	GlobalSection(SolutionProperties) = preSolution
		HideSolutionNode = FALSE
	EndGlobalSection
	GlobalSection(ExtensibilityGlobals) = postSolution
		SolutionGuid = {B2130979-40E2-4F08-B2BC-F7806B22B085}
	EndGlobalSection
EndGlobal
